
Microsoft Visual Studio Solution File, Format Version 12.00
# Visual Studio Version 16
VisualStudioVersion = 16.0.30503.244
MinimumVisualStudioVersion = 10.0.40219.1
Project("{FAE04EC0-301F-11D3-BF4B-00C04F79EFBC}") = "AutoFramework", "TestProject\AutoFramework.csproj", "{D32AEC33-AC94-4736-9A77-E1EABF726069}"
EndProject
Project("{FAE04EC0-301F-11D3-BF4B-00C04F79EFBC}") = "EmployeeTest", "EmployeeTest\EmployeeTest.csproj", "{EC3B80FF-3B08-496A-92E8-4BDB9E06A7B2}"
EndProject
Global
	GlobalSection(SolutionConfigurationPlatforms) = preSolution
		Debug|Any CPU = Debug|Any CPU
		Release|Any CPU = Release|Any CPU
	EndGlobalSection
	GlobalSection(ProjectConfigurationPlatforms) = postSolution
		{D32AEC33-AC94-4736-9A77-E1EABF726069}.Debug|Any CPU.ActiveCfg = Debug|Any CPU
		{D32AEC33-AC94-4736-9A77-E1EABF726069}.Debug|Any CPU.Build.0 = Debug|Any CPU
		{D32AEC33-AC94-4736-9A77-E1EABF726069}.Release|Any CPU.ActiveCfg = Release|Any CPU
		{D32AEC33-AC94-4736-9A77-E1EABF726069}.Release|Any CPU.Build.0 = Release|Any CPU
		{EC3B80FF-3B08-496A-92E8-4BDB9E06A7B2}.Debug|Any CPU.ActiveCfg = Debug|Any CPU
		{EC3B80FF-3B08-496A-92E8-4BDB9E06A7B2}.Debug|Any CPU.Build.0 = Debug|Any CPU
		{EC3B80FF-3B08-496A-92E8-4BDB9E06A7B2}.Release|Any CPU.ActiveCfg = Release|Any CPU
		{EC3B80FF-3B08-496A-92E8-4BDB9E06A7B2}.Release|Any CPU.Build.0 = Release|Any CPU
	EndGlobalSection
	GlobalSection(SolutionProperties) = preSolution
		HideSolutionNode = FALSE
	EndGlobalSection
	GlobalSection(ExtensibilityGlobals) = postSolution
		SolutionGuid = {20CBADFE-DB60-44C0-B6BB-5CED03DF9ADF}
	EndGlobalSection
EndGlobal
